
Microsoft Visual Studio Solution File, Format Version 12.00
# Visual Studio Version 17
VisualStudioVersion = 17.5.33516.290
MinimumVisualStudioVersion = 10.0.40219.1
Project("{9A19103F-16F7-4668-BE54-9A1E7A4F7556}") = "Back", "Back\Back.csproj", "{D262645C-192B-4F3E-B7A0-489B005EA57A}"
EndProject
Project("{FAE04EC0-301F-11D3-BF4B-00C04F79EFBC}") = "Front1", "Front1\Front1.csproj", "{F5EF419A-3FD1-4B37-BF97-8E12C81CBF31}"
EndProject
Global
	GlobalSection(SolutionConfigurationPlatforms) = preSolution
		Debug|Any CPU = Debug|Any CPU
		Release|Any CPU = Release|Any CPU
	EndGlobalSection
	GlobalSection(ProjectConfigurationPlatforms) = postSolution
		{D262645C-192B-4F3E-B7A0-489B005EA57A}.Debug|Any CPU.ActiveCfg = Debug|Any CPU
		{D262645C-192B-4F3E-B7A0-489B005EA57A}.Debug|Any CPU.Build.0 = Debug|Any CPU
		{D262645C-192B-4F3E-B7A0-489B005EA57A}.Release|Any CPU.ActiveCfg = Release|Any CPU
		{D262645C-192B-4F3E-B7A0-489B005EA57A}.Release|Any CPU.Build.0 = Release|Any CPU
		{F5EF419A-3FD1-4B37-BF97-8E12C81CBF31}.Debug|Any CPU.ActiveCfg = Debug|Any CPU
		{F5EF419A-3FD1-4B37-BF97-8E12C81CBF31}.Debug|Any CPU.Build.0 = Debug|Any CPU
		{F5EF419A-3FD1-4B37-BF97-8E12C81CBF31}.Release|Any CPU.ActiveCfg = Release|Any CPU
		{F5EF419A-3FD1-4B37-BF97-8E12C81CBF31}.Release|Any CPU.Build.0 = Release|Any CPU
	EndGlobalSection
	GlobalSection(SolutionProperties) = preSolution
		HideSolutionNode = FALSE
	EndGlobalSection
	GlobalSection(ExtensibilityGlobals) = postSolution
		SolutionGuid = {DFBD638F-498F-4E4F-A67B-A82F2F916E1A}
	EndGlobalSection
EndGlobal
